
Microsoft Visual Studio Solution File, Format Version 12.00
# Visual Studio 2013
VisualStudioVersion = 12.0.31101.0
MinimumVisualStudioVersion = 10.0.40219.1
Project("{FAE04EC0-301F-11D3-BF4B-00C04F79EFBC}") = "RentalOffer.Monitor", "RentalOffer.Monitor\RentalOffer.Monitor.csproj", "{AE9D2692-95E8-43FC-801F-B96EED738888}"
EndProject
Project("{FAE04EC0-301F-11D3-BF4B-00C04F79EFBC}") = "RentalOffer.Core", "RentalOffer.Core\RentalOffer.Core.csproj", "{2F4C3532-7EAE-4BE4-8E01-EC70D1B8013D}"
EndProject
Project("{FAE04EC0-301F-11D3-BF4B-00C04F79EFBC}") = "RentalOffer.Need", "RentalOffer.Need\RentalOffer.Need.csproj", "{EA6D47CB-880A-4549-AF89-4CAABCF7EC70}"
EndProject
Global
	GlobalSection(SolutionConfigurationPlatforms) = preSolution
		Debug|Any CPU = Debug|Any CPU
		Release|Any CPU = Release|Any CPU
	EndGlobalSection
	GlobalSection(ProjectConfigurationPlatforms) = postSolution
		{AE9D2692-95E8-43FC-801F-B96EED738888}.Debug|Any CPU.ActiveCfg = Debug|Any CPU
		{AE9D2692-95E8-43FC-801F-B96EED738888}.Debug|Any CPU.Build.0 = Debug|Any CPU
		{AE9D2692-95E8-43FC-801F-B96EED738888}.Release|Any CPU.ActiveCfg = Release|Any CPU
		{AE9D2692-95E8-43FC-801F-B96EED738888}.Release|Any CPU.Build.0 = Release|Any CPU
		{2F4C3532-7EAE-4BE4-8E01-EC70D1B8013D}.Debug|Any CPU.ActiveCfg = Debug|Any CPU
		{2F4C3532-7EAE-4BE4-8E01-EC70D1B8013D}.Debug|Any CPU.Build.0 = Debug|Any CPU
		{2F4C3532-7EAE-4BE4-8E01-EC70D1B8013D}.Release|Any CPU.ActiveCfg = Release|Any CPU
		{2F4C3532-7EAE-4BE4-8E01-EC70D1B8013D}.Release|Any CPU.Build.0 = Release|Any CPU
		{EA6D47CB-880A-4549-AF89-4CAABCF7EC70}.Debug|Any CPU.ActiveCfg = Debug|Any CPU
		{EA6D47CB-880A-4549-AF89-4CAABCF7EC70}.Debug|Any CPU.Build.0 = Debug|Any CPU
		{EA6D47CB-880A-4549-AF89-4CAABCF7EC70}.Release|Any CPU.ActiveCfg = Release|Any CPU
		{EA6D47CB-880A-4549-AF89-4CAABCF7EC70}.Release|Any CPU.Build.0 = Release|Any CPU
	EndGlobalSection
	GlobalSection(SolutionProperties) = preSolution
		HideSolutionNode = FALSE
	EndGlobalSection
EndGlobal
